Microsoft Visual Studio Solution File, Format Version 11.00
# Visual Studio 2008

Project("{4E11FFB8-01A2-2A14-C81A-57C1497ECA32}") = "Placemapp", "Assembly-CSharp-vs.csproj", "{DA111016-E443-BB3A-C9BD-38910FF44169}"
EndProject
Project("{4E11FFB8-01A2-2A14-C81A-57C1497ECA32}") = "Placemapp", "Assembly-CSharp-Editor-vs.csproj", "{4420D657-92C4-838E-BA2E-D9F5C0C2B184}"
EndProject
Global
	GlobalSection(SolutionConfigurationPlatforms) = preSolution
		Debug|Any CPU = Debug|Any CPU
		Release|Any CPU = Release|Any CPU
	EndGlobalSection
	GlobalSection(ProjectConfigurationPlatforms) = postSolution
		{DA111016-E443-BB3A-C9BD-38910FF44169}.Debug|Any CPU.ActiveCfg = Debug|Any CPU
		{DA111016-E443-BB3A-C9BD-38910FF44169}.Debug|Any CPU.Build.0 = Debug|Any CPU
		{DA111016-E443-BB3A-C9BD-38910FF44169}.Release|Any CPU.ActiveCfg = Release|Any CPU
		{DA111016-E443-BB3A-C9BD-38910FF44169}.Release|Any CPU.Build.0 = Release|Any CPU
		{4420D657-92C4-838E-BA2E-D9F5C0C2B184}.Debug|Any CPU.ActiveCfg = Debug|Any CPU
		{4420D657-92C4-838E-BA2E-D9F5C0C2B184}.Debug|Any CPU.Build.0 = Debug|Any CPU
		{4420D657-92C4-838E-BA2E-D9F5C0C2B184}.Release|Any CPU.ActiveCfg = Release|Any CPU
		{4420D657-92C4-838E-BA2E-D9F5C0C2B184}.Release|Any CPU.Build.0 = Release|Any CPU
	EndGlobalSection
	GlobalSection(SolutionProperties) = preSolution
		HideSolutionNode = FALSE
	EndGlobalSection
						GlobalSection(MonoDevelopProperties) = preSolution
		StartupItem = Assembly-CSharp.csproj
		Policies = $0
		$0.TextStylePolicy = $1
		$1.inheritsSet = null
		$1.scope = text/x-csharp
		$0.CSharpFormattingPolicy = $2
		$2.inheritsSet = Mono
		$2.inheritsScope = text/x-csharp
		$2.scope = text/x-csharp
		$0.TextStylePolicy = $3
		$3.FileWidth = 120
		$3.TabWidth = 4
		$3.IndentWidth = 4
		$3.EolMarker = Unix
		$3.inheritsSet = Mono
		$3.inheritsScope = text/plain
		$3.scope = text/plain
	EndGlobalSection

EndGlobal
